
Microsoft Visual Studio Solution File, Format Version 12.00
# Visual Studio Version 16
VisualStudioVersion = 16.0.29403.142
MinimumVisualStudioVersion = 10.0.40219.1
Project("{FAE04EC0-301F-11D3-BF4B-00C04F79EFBC}") = "ChemicalEquationBalancer", "ChemicalEquationBalancer\ChemicalEquationBalancer.csproj", "{04043C64-D6B5-4908-9F31-033ABB29F4D6}"
EndProject
Project("{FAE04EC0-301F-11D3-BF4B-00C04F79EFBC}") = "ChemicalEquationBalancer.Demo", "ChemicalEquationBalancer.Demo\ChemicalEquationBalancer.Demo.csproj", "{783D8595-60B5-4323-9DD4-2523F4A1100B}"
EndProject
Global
	GlobalSection(SolutionConfigurationPlatforms) = preSolution
		Debug|Any CPU = Debug|Any CPU
		Release|Any CPU = Release|Any CPU
	EndGlobalSection
	GlobalSection(ProjectConfigurationPlatforms) = postSolution
		{04043C64-D6B5-4908-9F31-033ABB29F4D6}.Debug|Any CPU.ActiveCfg = Debug|Any CPU
		{04043C64-D6B5-4908-9F31-033ABB29F4D6}.Debug|Any CPU.Build.0 = Debug|Any CPU
		{04043C64-D6B5-4908-9F31-033ABB29F4D6}.Release|Any CPU.ActiveCfg = Release|Any CPU
		{04043C64-D6B5-4908-9F31-033ABB29F4D6}.Release|Any CPU.Build.0 = Release|Any CPU
		{783D8595-60B5-4323-9DD4-2523F4A1100B}.Debug|Any CPU.ActiveCfg = Debug|Any CPU
		{783D8595-60B5-4323-9DD4-2523F4A1100B}.Debug|Any CPU.Build.0 = Debug|Any CPU
		{783D8595-60B5-4323-9DD4-2523F4A1100B}.Release|Any CPU.ActiveCfg = Release|Any CPU
		{783D8595-60B5-4323-9DD4-2523F4A1100B}.Release|Any CPU.Build.0 = Release|Any CPU
	EndGlobalSection
	GlobalSection(SolutionProperties) = preSolution
		HideSolutionNode = FALSE
	EndGlobalSection
	GlobalSection(ExtensibilityGlobals) = postSolution
		SolutionGuid = {494573F1-CBE4-4649-96BB-6FCC4FCC3948}
	EndGlobalSection
EndGlobal
